// !$*UTF8*$!
{
	archiveVersion = 1;
	classes = {
	};
	objectVersion = 46;
	objects = {

/* Begin PBXBuildFile section */
		1A287C5819B6A6A100377B76 /* JPZipLocationTest.m in Sources */ = {isa = PBXBuildFile; fileRef = 1A287C5719B6A6A100377B76 /* JPZipLocationTest.m */; };
		1A287C5A19B6A7DE00377B76 /* JPZipLocationClientTest.m in Sources */ = {isa = PBXBuildFile; fileRef = 1A287C5919B6A7DE00377B76 /* JPZipLocationClientTest.m */; };
		1AF61FA019AFFF84000B72B9 /* main.m in Sources */ = {isa = PBXBuildFile; fileRef = 1AF61F9F19AFFF84000B72B9 /* main.m */; };
		1AF61FA319AFFF84000B72B9 /* AppDelegate.m in Sources */ = {isa = PBXBuildFile; fileRef = 1AF61FA219AFFF84000B72B9 /* AppDelegate.m */; };
		1AF61FA619AFFF84000B72B9 /* ViewController.m in Sources */ = {isa = PBXBuildFile; fileRef = 1AF61FA519AFFF84000B72B9 /* ViewController.m */; };
		1AF61FA919AFFF84000B72B9 /* Main.storyboard in Resources */ = {isa = PBXBuildFile; fileRef = 1AF61FA719AFFF84000B72B9 /* Main.storyboard */; };
		1AF61FAB19AFFF84000B72B9 /* Images.xcassets in Resources */ = {isa = PBXBuildFile; fileRef = 1AF61FAA19AFFF84000B72B9 /* Images.xcassets */; };
		1AF61FC219B0001F000B72B9 /* JPZipLocation.m in Sources */ = {isa = PBXBuildFile; fileRef = 1AF61FC119B0001F000B72B9 /* JPZipLocation.m */; };
		1AF61FC619B00043000B72B9 /* JPZipLocationClient.m in Sources */ = {isa = PBXBuildFile; fileRef = 1AF61FC519B00043000B72B9 /* JPZipLocationClient.m */; };
/* End PBXBuildFile section */

/* Begin PBXContainerItemProxy section */
		1AF61FB119AFFF84000B72B9 /* PBXContainerItemProxy */ = {
			isa = PBXContainerItemProxy;
			containerPortal = 1AF61F9219AFFF84000B72B9 /* Project object */;
			proxyType = 1;
			remoteGlobalIDString = 1AF61F9919AFFF84000B72B9;
			remoteInfo = ZipLocateSample;
		};
/* End PBXContainerItemProxy section */

/* Begin PBXFileReference section */
		1A287C5719B6A6A100377B76 /* JPZipLocationTest.m */ = {isa = PBXFileReference; fileEncoding = 4; lastKnownFileType = sourcecode.c.objc; path = JPZipLocationTest.m; sourceTree = "<group>"; };
		1A287C5919B6A7DE00377B76 /* JPZipLocationClientTest.m */ = {isa = PBXFileReference; fileEncoding = 4; lastKnownFileType = sourcecode.c.objc; path = JPZipLocationClientTest.m; sourceTree = "<group>"; };
		1AF61F9A19AFFF84000B72B9 /* ZipLocateSample.app */ = {isa = PBXFileReference; explicitFileType = wrapper.application; includeInIndex = 0; path = ZipLocateSample.app; sourceTree = BUILT_PRODUCTS_DIR; };
		1AF61F9E19AFFF84000B72B9 /* Info.plist */ = {isa = PBXFileReference; lastKnownFileType = text.plist.xml; path = Info.plist; sourceTree = "<group>"; };
		1AF61F9F19AFFF84000B72B9 /* main.m */ = {isa = PBXFileReference; lastKnownFileType = sourcecode.c.objc; path = main.m; sourceTree = "<group>"; };
		1AF61FA119AFFF84000B72B9 /* AppDelegate.h */ = {isa = PBXFileReference; lastKnownFileType = sourcecode.c.h; path = AppDelegate.h; sourceTree = "<group>"; };
		1AF61FA219AFFF84000B72B9 /* AppDelegate.m */ = {isa = PBXFileReference; lastKnownFileType = sourcecode.c.objc; path = AppDelegate.m; sourceTree = "<group>"; };
		1AF61FA419AFFF84000B72B9 /* ViewController.h */ = {isa = PBXFileReference; lastKnownFileType = sourcecode.c.h; path = ViewController.h; sourceTree = "<group>"; };
		1AF61FA519AFFF84000B72B9 /* ViewController.m */ = {isa = PBXFileReference; lastKnownFileType = sourcecode.c.objc; path = ViewController.m; sourceTree = "<group>"; };
		1AF61FA819AFFF84000B72B9 /* Base */ = {isa = PBXFileReference; lastKnownFileType = file.storyboard; name = Base; path = Base.lproj/Main.storyboard; sourceTree = "<group>"; };
		1AF61FAA19AFFF84000B72B9 /* Images.xcassets */ = {isa = PBXFileReference; lastKnownFileType = folder.assetcatalog; path = Images.xcassets; sourceTree = "<group>"; };
		1AF61FB019AFFF84000B72B9 /* ZipLocateSampleTests.xctest */ = {isa = PBXFileReference; explicitFileType = wrapper.cfbundle; includeInIndex = 0; path = ZipLocateSampleTests.xctest; sourceTree = BUILT_PRODUCTS_DIR; };
		1AF61FB519AFFF84000B72B9 /* Info.plist */ = {isa = PBXFileReference; lastKnownFileType = text.plist.xml; path = Info.plist; sourceTree = "<group>"; };
		1AF61FC019B0001F000B72B9 /* JPZipLocation.h */ = {isa = PBXFileReference; fileEncoding = 4; lastKnownFileType = sourcecode.c.h; name = JPZipLocation.h; path = ZipLocate/JPZipLocation.h; sourceTree = "<group>"; };
		1AF61FC119B0001F000B72B9 /* JPZipLocation.m */ = {isa = PBXFileReference; fileEncoding = 4; lastKnownFileType = sourcecode.c.objc; name = JPZipLocation.m; path = ZipLocate/JPZipLocation.m; sourceTree = "<group>"; };
		1AF61FC419B00043000B72B9 /* JPZipLocationClient.h */ = {isa = PBXFileReference; fileEncoding = 4; lastKnownFileType = sourcecode.c.h; name = JPZipLocationClient.h; path = ZipLocate/JPZipLocationClient.h; sourceTree = "<group>"; };
		1AF61FC519B00043000B72B9 /* JPZipLocationClient.m */ = {isa = PBXFileReference; fileEncoding = 4; lastKnownFileType = sourcecode.c.objc; name = JPZipLocationClient.m; path = ZipLocate/JPZipLocationClient.m; sourceTree = "<group>"; };
/* End PBXFileReference section */

/* Begin PBXFrameworksBuildPhase section */
		1AF61F9719AFFF84000B72B9 /* Frameworks */ = {
			isa = PBXFrameworksBuildPhase;
			buildActionMask = 2147483647;
			files = (
			);
			runOnlyForDeploymentPostprocessing = 0;
		};
		1AF61FAD19AFFF84000B72B9 /* Frameworks */ = {
			isa = PBXFrameworksBuildPhase;
			buildActionMask = 2147483647;
			files = (
			);
			runOnlyForDeploymentPostprocessing = 0;
		};
/* End PBXFrameworksBuildPhase section */

/* Begin PBXGroup section */
		1AF61F9119AFFF84000B72B9 = {
			isa = PBXGroup;
			children = (
				1AF61FC319B00026000B72B9 /* JPZipLocate */,
				1AF61F9C19AFFF84000B72B9 /* ZipLocateSample */,
				1AF61FB319AFFF84000B72B9 /* ZipLocateSampleTests */,
				1AF61F9B19AFFF84000B72B9 /* Products */,
			);
			sourceTree = "<group>";
		};
		1AF61F9B19AFFF84000B72B9 /* Products */ = {
			isa = PBXGroup;
			children = (
				1AF61F9A19AFFF84000B72B9 /* ZipLocateSample.app */,
				1AF61FB019AFFF84000B72B9 /* ZipLocateSampleTests.xctest */,
			);
			name = Products;
			sourceTree = "<group>";
		};
		1AF61F9C19AFFF84000B72B9 /* ZipLocateSample */ = {
			isa = PBXGroup;
			children = (
				1AF61FA119AFFF84000B72B9 /* AppDelegate.h */,
				1AF61FA219AFFF84000B72B9 /* AppDelegate.m */,
				1AF61FA419AFFF84000B72B9 /* ViewController.h */,
				1AF61FA519AFFF84000B72B9 /* ViewController.m */,
				1AF61FA719AFFF84000B72B9 /* Main.storyboard */,
				1AF61FAA19AFFF84000B72B9 /* Images.xcassets */,
				1AF61F9D19AFFF84000B72B9 /* Supporting Files */,
			);
			path = ZipLocateSample;
			sourceTree = "<group>";
		};
		1AF61F9D19AFFF84000B72B9 /* Supporting Files */ = {
			isa = PBXGroup;
			children = (
				1AF61F9E19AFFF84000B72B9 /* Info.plist */,
				1AF61F9F19AFFF84000B72B9 /* main.m */,
			);
			name = "Supporting Files";
			sourceTree = "<group>";
		};
		1AF61FB319AFFF84000B72B9 /* ZipLocateSampleTests */ = {
			isa = PBXGroup;
			children = (
				1A287C5719B6A6A100377B76 /* JPZipLocationTest.m */,
				1A287C5919B6A7DE00377B76 /* JPZipLocationClientTest.m */,
				1AF61FB419AFFF84000B72B9 /* Supporting Files */,
			);
			path = ZipLocateSampleTests;
			sourceTree = "<group>";
		};
		1AF61FB419AFFF84000B72B9 /* Supporting Files */ = {
			isa = PBXGroup;
			children = (
				1AF61FB519AFFF84000B72B9 /* Info.plist */,
			);
			name = "Supporting Files";
			sourceTree = "<group>";
		};
		1AF61FC319B00026000B72B9 /* JPZipLocate */ = {
			isa = PBXGroup;
			children = (
				1AF61FC019B0001F000B72B9 /* JPZipLocation.h */,
				1AF61FC119B0001F000B72B9 /* JPZipLocation.m */,
				1AF61FC419B00043000B72B9 /* JPZipLocationClient.h */,
				1AF61FC519B00043000B72B9 /* JPZipLocationClient.m */,
			);
			name = JPZipLocate;
			sourceTree = "<group>";
		};
/* End PBXGroup section */

/* Begin PBXNativeTarget section */
		1AF61F9919AFFF84000B72B9 /* ZipLocateSample */ = {
			isa = PBXNativeTarget;
			buildConfigurationList = 1AF61FBA19AFFF84000B72B9 /* Build configuration list for PBXNativeTarget "ZipLocateSample" */;
			buildPhases = (
				1AF61F9619AFFF84000B72B9 /* Sources */,
				1AF61F9719AFFF84000B72B9 /* Frameworks */,
				1AF61F9819AFFF84000B72B9 /* Resources */,
			);
			buildRules = (
			);
			dependencies = (
			);
			name = ZipLocateSample;
			productName = ZipLocateSample;
			productReference = 1AF61F9A19AFFF84000B72B9 /* ZipLocateSample.app */;
			productType = "com.apple.product-type.application";
		};
		1AF61FAF19AFFF84000B72B9 /* ZipLocateSampleTests */ = {
			isa = PBXNativeTarget;
			buildConfigurationList = 1AF61FBD19AFFF84000B72B9 /* Build configuration list for PBXNativeTarget "ZipLocateSampleTests" */;
			buildPhases = (
				1AF61FAC19AFFF84000B72B9 /* Sources */,
				1AF61FAD19AFFF84000B72B9 /* Frameworks */,
				1AF61FAE19AFFF84000B72B9 /* Resources */,
			);
			buildRules = (
			);
			dependencies = (
				1AF61FB219AFFF84000B72B9 /* PBXTargetDependency */,
			);
			name = ZipLocateSampleTests;
			productName = ZipLocateSampleTests;
			productReference = 1AF61FB019AFFF84000B72B9 /* ZipLocateSampleTests.xctest */;
			productType = "com.apple.product-type.bundle.unit-test";
		};
/* End PBXNativeTarget section */

/* Begin PBXProject section */
		1AF61F9219AFFF84000B72B9 /* Project object */ = {
			isa = PBXProject;
			attributes = {
				LastUpgradeCheck = 0600;
				ORGANIZATIONNAME = "James Paolantonio";
				TargetAttributes = {
					1AF61F9919AFFF84000B72B9 = {
						CreatedOnToolsVersion = 6.0;
					};
					1AF61FAF19AFFF84000B72B9 = {
						CreatedOnToolsVersion = 6.0;
						TestTargetID = 1AF61F9919AFFF84000B72B9;
					};
				};
			};
			buildConfigurationList = 1AF61F9519AFFF84000B72B9 /* Build configuration list for PBXProject "ZipLocateSample" */;
			compatibilityVersion = "Xcode 3.2";
			developmentRegion = English;
			hasScannedForEncodings = 0;
			knownRegions = (
				en,
				Base,
			);
			mainGroup = 1AF61F9119AFFF84000B72B9;
			productRefGroup = 1AF61F9B19AFFF84000B72B9 /* Products */;
			projectDirPath = "";
			projectRoot = "";
			targets = (
				1AF61F9919AFFF84000B72B9 /* ZipLocateSample */,
				1AF61FAF19AFFF84000B72B9 /* ZipLocateSampleTests */,
			);
		};
/* End PBXProject section */

/* Begin PBXResourcesBuildPhase section */
		1AF61F9819AFFF84000B72B9 /* Resources */ = {
			isa = PBXResourcesBuildPhase;
			buildActionMask = 2147483647;
			files = (
				1AF61FA919AFFF84000B72B9 /* Main.storyboard in Resources */,
				1AF61FAB19AFFF84000B72B9 /* Images.xcassets in Resources */,
			);
			runOnlyForDeploymentPostprocessing = 0;
		};
		1AF61FAE19AFFF84000B72B9 /* Resources */ = {
			isa = PBXResourcesBuildPhase;
			buildActionMask = 2147483647;
			files = (
			);
			runOnlyForDeploymentPostprocessing = 0;
		};
/* End PBXResourcesBuildPhase section */

/* Begin PBXSourcesBuildPhase section */
		1AF61F9619AFFF84000B72B9 /* Sources */ = {
			isa = PBXSourcesBuildPhase;
			buildActionMask = 2147483647;
			files = (
				1AF61FC219B0001F000B72B9 /* JPZipLocation.m in Sources */,
				1AF61FA619AFFF84000B72B9 /* ViewController.m in Sources */,
				1AF61FA319AFFF84000B72B9 /* AppDelegate.m in Sources */,
				1AF61FA019AFFF84000B72B9 /* main.m in Sources */,
				1AF61FC619B00043000B72B9 /* JPZipLocationClient.m in Sources */,
			);
			runOnlyForDeploymentPostprocessing = 0;
		};
		1AF61FAC19AFFF84000B72B9 /* Sources */ = {
			isa = PBXSourcesBuildPhase;
			buildActionMask = 2147483647;
			files = (
				1A287C5819B6A6A100377B76 /* JPZipLocationTest.m in Sources */,
				1A287C5A19B6A7DE00377B76 /* JPZipLocationClientTest.m in Sources */,
			);
			runOnlyForDeploymentPostprocessing = 0;
		};
/* End PBXSourcesBuildPhase section */

/* Begin PBXTargetDependency section */
		1AF61FB219AFFF84000B72B9 /* PBXTargetDependency */ = {
			isa = PBXTargetDependency;
			target = 1AF61F9919AFFF84000B72B9 /* ZipLocateSample */;
			targetProxy = 1AF61FB119AFFF84000B72B9 /* PBXContainerItemProxy */;
		};
/* End PBXTargetDependency section */

/* Begin PBXVariantGroup section */
		1AF61FA719AFFF84000B72B9 /* Main.storyboard */ = {
			isa = PBXVariantGroup;
			children = (
				1AF61FA819AFFF84000B72B9 /* Base */,
			);
			name = Main.storyboard;
			sourceTree = "<group>";
		};
/* End PBXVariantGroup section */

/* Begin XCBuildConfiguration section */
		1AF61FB819AFFF84000B72B9 /* Debug */ = {
			isa = XCBuildConfiguration;
			buildSettings = {
				ALWAYS_SEARCH_USER_PATHS = NO;
				CLANG_CXX_LANGUAGE_STANDARD = "gnu++0x";
				CLANG_CXX_LIBRARY = "libc++";
				CLANG_ENABLE_MODULES = YES;
				CLANG_ENABLE_OBJC_ARC = YES;
				CLANG_WARN_BOOL_CONVERSION = YES;
				CLANG_WARN_CONSTANT_CONVERSION = YES;
				CLANG_WARN_DIRECT_OBJC_ISA_USAGE = YES_ERROR;
				CLANG_WARN_EMPTY_BODY = YES;
				CLANG_WARN_ENUM_CONVERSION = YES;
				CLANG_WARN_INT_CONVERSION = YES;
				CLANG_WARN_OBJC_ROOT_CLASS = YES_ERROR;
				CLANG_WARN_UNREACHABLE_CODE = YES;
				CLANG_WARN__DUPLICATE_METHOD_MATCH = YES;
				"CODE_SIGN_IDENTITY[sdk=iphoneos*]" = "iPhone Developer";
				COPY_PHASE_STRIP = NO;
				ENABLE_STRICT_OBJC_MSGSEND = YES;
				GCC_C_LANGUAGE_STANDARD = gnu99;
				GCC_DYNAMIC_NO_PIC = NO;
				GCC_OPTIMIZATION_LEVEL = 0;
				GCC_PREPROCESSOR_DEFINITIONS = (
					"DEBUG=1",
					"$(inherited)",
				);
				GCC_SYMBOLS_PRIVATE_EXTERN = NO;
				GCC_WARN_64_TO_32_BIT_CONVERSION = YES;
				GCC_WARN_ABOUT_RETURN_TYPE = YES_ERROR;
				GCC_WARN_UNDECLARED_SELECTOR = YES;
				GCC_WARN_UNINITIALIZED_AUTOS = YES_AGGRESSIVE;
				GCC_WARN_UNUSED_FUNCTION = YES;
				GCC_WARN_UNUSED_VARIABLE = YES;
				IPHONEOS_DEPLOYMENT_TARGET = 8.0;
				MTL_ENABLE_DEBUG_INFO = YES;
				ONLY_ACTIVE_ARCH = YES;
				SDKROOT = iphoneos;
				TARGETED_DEVICE_FAMILY = "1,2";
			};
			name = Debug;
		};
		1AF61FB919AFFF84000B72B9 /* Release */ = {
			isa = XCBuildConfiguration;
			buildSettings = {
				ALWAYS_SEARCH_USER_PATHS = NO;
				CLANG_CXX_LANGUAGE_STANDARD = "gnu++0x";
				CLANG_CXX_LIBRARY = "libc++";
				CLANG_ENABLE_MODULES = YES;
				CLANG_ENABLE_OBJC_ARC = YES;
				CLANG_WARN_BOOL_CONVERSION = YES;
				CLANG_WARN_CONSTANT_CONVERSION = YES;
				CLANG_WARN_DIRECT_OBJC_ISA_USAGE = YES_ERROR;
				CLANG_WARN_EMPTY_BODY = YES;
				CLANG_WARN_ENUM_CONVERSION = YES;
				CLANG_WARN_INT_CONVERSION = YES;
				CLANG_WARN_OBJC_ROOT_CLASS = YES_ERROR;
				CLANG_WARN_UNREACHABLE_CODE = YES;
				CLANG_WARN__DUPLICATE_METHOD_MATCH = YES;
				"CODE_SIGN_IDENTITY[sdk=iphoneos*]" = "iPhone Developer";
				COPY_PHASE_STRIP = YES;
				ENABLE_NS_ASSERTIONS = NO;
				ENABLE_STRICT_OBJC_MSGSEND = YES;
				GCC_C_LANGUAGE_STANDARD = gnu99;
				GCC_WARN_64_TO_32_BIT_CONVERSION = YES;
				GCC_WARN_ABOUT_RETURN_TYPE = YES_ERROR;
				GCC_WARN_UNDECLARED_SELECTOR = YES;
				GCC_WARN_UNINITIALIZED_AUTOS = YES_AGGRESSIVE;
				GCC_WARN_UNUSED_FUNCTION = YES;
				GCC_WARN_UNUSED_VARIABLE = YES;
				IPHONEOS_DEPLOYMENT_TARGET = 8.0;
				MTL_ENABLE_DEBUG_INFO = NO;
				SDKROOT = iphoneos;
				TARGETED_DEVICE_FAMILY = "1,2";
				VALIDATE_PRODUCT = YES;
			};
			name = Release;
		};
		1AF61FBB19AFFF84000B72B9 /* Debug */ = {
			isa = XCBuildConfiguration;
			buildSettings = {
				ASSETCATALOG_COMPILER_APPICON_NAME = AppIcon;
				ASSETCATALOG_COMPILER_LAUNCHIMAGE_NAME = LaunchImage;
				INFOPLIST_FILE = ZipLocateSample/Info.plist;
				LD_RUNPATH_SEARCH_PATHS = "$(inherited) @executable_path/Frameworks";
				PRODUCT_NAME = "$(TARGET_NAME)";
			};
			name = Debug;
		};
		1AF61FBC19AFFF84000B72B9 /* Release */ = {
			isa = XCBuildConfiguration;
			buildSettings = {
				ASSETCATALOG_COMPILER_APPICON_NAME = AppIcon;
				ASSETCATALOG_COMPILER_LAUNCHIMAGE_NAME = LaunchImage;
				INFOPLIST_FILE = ZipLocateSample/Info.plist;
				LD_RUNPATH_SEARCH_PATHS = "$(inherited) @executable_path/Frameworks";
				PRODUCT_NAME = "$(TARGET_NAME)";
			};
			name = Release;
		};
		1AF61FBE19AFFF84000B72B9 /* Debug */ = {
			isa = XCBuildConfiguration;
			buildSettings = {
				BUNDLE_LOADER = "$(BUILT_PRODUCTS_DIR)/ZipLocateSample.app/ZipLocateSample";
				FRAMEWORK_SEARCH_PATHS = (
					"$(SDKROOT)/Developer/Library/Frameworks",
					"$(inherited)",
				);
				GCC_PREPROCESSOR_DEFINITIONS = (
					"DEBUG=1",
					"$(inherited)",
				);
				INFOPLIST_FILE = ZipLocateSampleTests/Info.plist;
				LD_RUNPATH_SEARCH_PATHS = "$(inherited) @executable_path/Frameworks @loader_path/Frameworks";
				PRODUCT_NAME = "$(TARGET_NAME)";
				TEST_HOST = "$(BUNDLE_LOADER)";
			};
			name = Debug;
		};
		1AF61FBF19AFFF84000B72B9 /* Release */ = {
			isa = XCBuildConfiguration;
			buildSettings = {
				BUNDLE_LOADER = "$(BUILT_PRODUCTS_DIR)/ZipLocateSample.app/ZipLocateSample";
				FRAMEWORK_SEARCH_PATHS = (
					"$(SDKROOT)/Developer/Library/Frameworks",
					"$(inherited)",
				);
				INFOPLIST_FILE = ZipLocateSampleTests/Info.plist;
				LD_RUNPATH_SEARCH_PATHS = "$(inherited) @executable_path/Frameworks @loader_path/Frameworks";
				PRODUCT_NAME = "$(TARGET_NAME)";
				TEST_HOST = "$(BUNDLE_LOADER)";
			};
			name = Release;
		};
/* End XCBuildConfiguration section */

/* Begin XCConfigurationList section */
		1AF61F9519AFFF84000B72B9 /* Build configuration list for PBXProject "ZipLocateSample" */ = {
			isa = XCConfigurationList;
			buildConfigurations = (
				1AF61FB819AFFF84000B72B9 /* Debug */,
				1AF61FB919AFFF84000B72B9 /* Release */,
			);
			defaultConfigurationIsVisible = 0;
			defaultConfigurationName = Release;
		};
		1AF61FBA19AFFF84000B72B9 /* Build configuration list for PBXNativeTarget "ZipLocateSample" */ = {
			isa = XCConfigurationList;
			buildConfigurations = (
				1AF61FBB19AFFF84000B72B9 /* Debug */,
				1AF61FBC19AFFF84000B72B9 /* Release */,
			);
			defaultConfigurationIsVisible = 0;
			defaultConfigurationName = Release;
		};
		1AF61FBD19AFFF84000B72B9 /* Build configuration list for PBXNativeTarget "ZipLocateSampleTests" */ = {
			isa = XCConfigurationList;
			buildConfigurations = (
				1AF61FBE19AFFF84000B72B9 /* Debug */,
				1AF61FBF19AFFF84000B72B9 /* Release */,
			);
			defaultConfigurationIsVisible = 0;
			defaultConfigurationName = Release;
		};
/* End XCConfigurationList section */
	};
	rootObject = 1AF61F9219AFFF84000B72B9 /* Project object */;
}
